
Microsoft Visual Studio Solution File, Format Version 12.00
# Visual Studio Version 17
VisualStudioVersion = 17.1.32421.90
MinimumVisualStudioVersion = 10.0.40219.1
Project("{FAE04EC0-301F-11D3-BF4B-00C04F79EFBC}") = "ASSESSMENT-1", "ASSESSMENT-1.csproj", "{D5DC60DC-E939-4B00-A503-DCA6E37C07BD}"
EndProject
Global
	GlobalSection(SolutionConfigurationPlatforms) = preSolution
		Debug|Any CPU = Debug|Any CPU
		Release|Any CPU = Release|Any CPU
	EndGlobalSection
	GlobalSection(ProjectConfigurationPlatforms) = postSolution
		{D5DC60DC-E939-4B00-A503-DCA6E37C07BD}.Debug|Any CPU.ActiveCfg = Debug|Any CPU
		{D5DC60DC-E939-4B00-A503-DCA6E37C07BD}.Debug|Any CPU.Build.0 = Debug|Any CPU
		{D5DC60DC-E939-4B00-A503-DCA6E37C07BD}.Release|Any CPU.ActiveCfg = Release|Any CPU
		{D5DC60DC-E939-4B00-A503-DCA6E37C07BD}.Release|Any CPU.Build.0 = Release|Any CPU
	EndGlobalSection
	GlobalSection(SolutionProperties) = preSolution
		HideSolutionNode = FALSE
	EndGlobalSection
	GlobalSection(ExtensibilityGlobals) = postSolution
		SolutionGuid = {5E5C2DC4-F53F-409A-8FAF-F05CA23838BF}
	EndGlobalSection
EndGlobal
